
Microsoft Visual Studio Solution File, Format Version 12.00
# Visual Studio 14
VisualStudioVersion = 14.0.24720.0
MinimumVisualStudioVersion = 10.0.40219.1
Project("{FAE04EC0-301F-11D3-BF4B-00C04F79EFBC}") = "ExtractIpInWinform", "ExtractIpInWinform\ExtractIpInWinform.csproj", "{7D245E1D-283C-4550-BAC7-752A429B6DC9}"
EndProject
Global
	GlobalSection(SolutionConfigurationPlatforms) = preSolution
		Debug|Any CPU = Debug|Any CPU
		Release|Any CPU = Release|Any CPU
	EndGlobalSection
	GlobalSection(ProjectConfigurationPlatforms) = postSolution
		{7D245E1D-283C-4550-BAC7-752A429B6DC9}.Debug|Any CPU.ActiveCfg = Debug|Any CPU
		{7D245E1D-283C-4550-BAC7-752A429B6DC9}.Debug|Any CPU.Build.0 = Debug|Any CPU
		{7D245E1D-283C-4550-BAC7-752A429B6DC9}.Release|Any CPU.ActiveCfg = Release|Any CPU
		{7D245E1D-283C-4550-BAC7-752A429B6DC9}.Release|Any CPU.Build.0 = Release|Any CPU
	EndGlobalSection
	GlobalSection(SolutionProperties) = preSolution
		HideSolutionNode = FALSE
	EndGlobalSection
EndGlobal
